// !$*UTF8*$!
{
	archiveVersion = 1;
	classes = {
	};
	objectVersion = 46;
	objects = {

/* Begin PBXBuildFile section */
		2503F7A71E63866600473026 /* AppDelegate.swift in Sources */ = {isa = PBXBuildFile; fileRef = 2503F7A61E63866600473026 /* AppDelegate.swift */; };
		2503F7A91E63866600473026 /* ViewController.swift in Sources */ = {isa = PBXBuildFile; fileRef = 2503F7A81E63866600473026 /* ViewController.swift */; };
		2503F7AC1E63866600473026 /* Main.storyboard in Resources */ = {isa = PBXBuildFile; fileRef = 2503F7AA1E63866600473026 /* Main.storyboard */; };
		2503F7AE1E63866600473026 /* Assets.xcassets in Resources */ = {isa = PBXBuildFile; fileRef = 2503F7AD1E63866600473026 /* Assets.xcassets */; };
		2503F7B11E63866600473026 /* LaunchScreen.storyboard in Resources */ = {isa = PBXBuildFile; fileRef = 2503F7AF1E63866600473026 /* LaunchScreen.storyboard */; };
		2503F7BB1E6387F000473026 /* schema.json in Resources */ = {isa = PBXBuildFile; fileRef = 2503F7BA1E6387F000473026 /* schema.json */; };
		2503F7BD1E63880000473026 /* API.swift in Sources */ = {isa = PBXBuildFile; fileRef = 2503F7BC1E63880000473026 /* API.swift */; };
		2503F7BF1E63882100473026 /* AllCocktails.graphql in Resources */ = {isa = PBXBuildFile; fileRef = 2503F7BE1E63882100473026 /* AllCocktails.graphql */; };
		25BE80741E639502006E7B8F /* Cocktail.swift in Sources */ = {isa = PBXBuildFile; fileRef = 25BE80731E639502006E7B8F /* Cocktail.swift */; };
		25BE80761E639512006E7B8F /* Ingredient.swift in Sources */ = {isa = PBXBuildFile; fileRef = 25BE80751E639512006E7B8F /* Ingredient.swift */; };
		25BE80781E6395DE006E7B8F /* APIService.swift in Sources */ = {isa = PBXBuildFile; fileRef = 25BE80771E6395DE006E7B8F /* APIService.swift */; };
		25BE807A1E6398EA006E7B8F /* CocktailError.swift in Sources */ = {isa = PBXBuildFile; fileRef = 25BE80791E6398EA006E7B8F /* CocktailError.swift */; };
		A8CC27D06FD7055F0BD41DC8 /* Pods_CocktailRxTutorial.framework in Frameworks */ = {isa = PBXBuildFile; fileRef = 66EB4D86EA855B33B77A2F07 /* Pods_CocktailRxTutorial.framework */; };
/* End PBXBuildFile section */

/* Begin PBXFileReference section */
		2503F7A31E63866600473026 /* CocktailRxTutorial.app */ = {isa = PBXFileReference; explicitFileType = wrapper.application; includeInIndex = 0; path = CocktailRxTutorial.app; sourceTree = BUILT_PRODUCTS_DIR; };
		2503F7A61E63866600473026 /* AppDelegate.swift */ = {isa = PBXFileReference; lastKnownFileType = sourcecode.swift; path = AppDelegate.swift; sourceTree = "<group>"; };
		2503F7A81E63866600473026 /* ViewController.swift */ = {isa = PBXFileReference; lastKnownFileType = sourcecode.swift; path = ViewController.swift; sourceTree = "<group>"; };
		2503F7AB1E63866600473026 /* Base */ = {isa = PBXFileReference; lastKnownFileType = file.storyboard; name = Base; path = Base.lproj/Main.storyboard; sourceTree = "<group>"; };
		2503F7AD1E63866600473026 /* Assets.xcassets */ = {isa = PBXFileReference; lastKnownFileType = folder.assetcatalog; path = Assets.xcassets; sourceTree = "<group>"; };
		2503F7B01E63866600473026 /* Base */ = {isa = PBXFileReference; lastKnownFileType = file.storyboard; name = Base; path = Base.lproj/LaunchScreen.storyboard; sourceTree = "<group>"; };
		2503F7B21E63866600473026 /* Info.plist */ = {isa = PBXFileReference; lastKnownFileType = text.plist.xml; path = Info.plist; sourceTree = "<group>"; };
		2503F7BA1E6387F000473026 /* schema.json */ = {isa = PBXFileReference; fileEncoding = 4; lastKnownFileType = text.json; path = schema.json; sourceTree = "<group>"; };
		2503F7BC1E63880000473026 /* API.swift */ = {isa = PBXFileReference; fileEncoding = 4; lastKnownFileType = sourcecode.swift; path = API.swift; sourceTree = "<group>"; };
		2503F7BE1E63882100473026 /* AllCocktails.graphql */ = {isa = PBXFileReference; fileEncoding = 4; lastKnownFileType = text; path = AllCocktails.graphql; sourceTree = "<group>"; };
		25BE80731E639502006E7B8F /* Cocktail.swift */ = {isa = PBXFileReference; fileEncoding = 4; lastKnownFileType = sourcecode.swift; name = Cocktail.swift; path = Models/Cocktail.swift; sourceTree = "<group>"; };
		25BE80751E639512006E7B8F /* Ingredient.swift */ = {isa = PBXFileReference; fileEncoding = 4; lastKnownFileType = sourcecode.swift; name = Ingredient.swift; path = Models/Ingredient.swift; sourceTree = "<group>"; };
		25BE80771E6395DE006E7B8F /* APIService.swift */ = {isa = PBXFileReference; fileEncoding = 4; lastKnownFileType = sourcecode.swift; name = APIService.swift; path = Services/APIService.swift; sourceTree = "<group>"; };
		25BE80791E6398EA006E7B8F /* CocktailError.swift */ = {isa = PBXFileReference; fileEncoding = 4; lastKnownFileType = sourcecode.swift; name = CocktailError.swift; path = Models/CocktailError.swift; sourceTree = "<group>"; };
		66EB4D86EA855B33B77A2F07 /* Pods_CocktailRxTutorial.framework */ = {isa = PBXFileReference; explicitFileType = wrapper.framework; includeInIndex = 0; path = Pods_CocktailRxTutorial.framework; sourceTree = BUILT_PRODUCTS_DIR; };
		700314545E1EB6646A68C7FC /* Pods-CocktailRxTutorial.release.xcconfig */ = {isa = PBXFileReference; includeInIndex = 1; lastKnownFileType = text.xcconfig; name = "Pods-CocktailRxTutorial.release.xcconfig"; path = "Pods/Target Support Files/Pods-CocktailRxTutorial/Pods-CocktailRxTutorial.release.xcconfig"; sourceTree = "<group>"; };
		841954B01687125F91E49640 /* Pods-CocktailRxTutorial.debug.xcconfig */ = {isa = PBXFileReference; includeInIndex = 1; lastKnownFileType = text.xcconfig; name = "Pods-CocktailRxTutorial.debug.xcconfig"; path = "Pods/Target Support Files/Pods-CocktailRxTutorial/Pods-CocktailRxTutorial.debug.xcconfig"; sourceTree = "<group>"; };
/* End PBXFileReference section */

/* Begin PBXFrameworksBuildPhase section */
		2503F7A01E63866600473026 /* Frameworks */ = {
			isa = PBXFrameworksBuildPhase;
			buildActionMask = 2147483647;
			files = (
				A8CC27D06FD7055F0BD41DC8 /* Pods_CocktailRxTutorial.framework in Frameworks */,
			);
			runOnlyForDeploymentPostprocessing = 0;
		};
/* End PBXFrameworksBuildPhase section */

/* Begin PBXGroup section */
		2503F79A1E63866600473026 = {
			isa = PBXGroup;
			children = (
				2503F7A51E63866600473026 /* CocktailRxTutorial */,
				2503F7A41E63866600473026 /* Products */,
				9EC3597BDB1459AC456D3503 /* Pods */,
				4EA6857CDBCD3308772971C7 /* Frameworks */,
			);
			sourceTree = "<group>";
		};
		2503F7A41E63866600473026 /* Products */ = {
			isa = PBXGroup;
			children = (
				2503F7A31E63866600473026 /* CocktailRxTutorial.app */,
			);
			name = Products;
			sourceTree = "<group>";
		};
		2503F7A51E63866600473026 /* CocktailRxTutorial */ = {
			isa = PBXGroup;
			children = (
				25BE80711E639426006E7B8F /* Models */,
				25BE80721E63942F006E7B8F /* Views */,
				25BE80701E639420006E7B8F /* ViewModels */,
				25BE806F1E63941A006E7B8F /* Services */,
				2503F7B91E6387F000473026 /* GraphQL */,
				2503F7A61E63866600473026 /* AppDelegate.swift */,
				2503F7A81E63866600473026 /* ViewController.swift */,
				2503F7AA1E63866600473026 /* Main.storyboard */,
				2503F7AD1E63866600473026 /* Assets.xcassets */,
				2503F7AF1E63866600473026 /* LaunchScreen.storyboard */,
				2503F7B21E63866600473026 /* Info.plist */,
			);
			path = CocktailRxTutorial;
			sourceTree = "<group>";
		};
		2503F7B91E6387F000473026 /* GraphQL */ = {
			isa = PBXGroup;
			children = (
				2503F7BC1E63880000473026 /* API.swift */,
				2503F7BA1E6387F000473026 /* schema.json */,
				2503F7BE1E63882100473026 /* AllCocktails.graphql */,
			);
			path = GraphQL;
			sourceTree = "<group>";
		};
		25BE806F1E63941A006E7B8F /* Services */ = {
			isa = PBXGroup;
			children = (
				25BE80771E6395DE006E7B8F /* APIService.swift */,
			);
			name = Services;
			sourceTree = "<group>";
		};
		25BE80701E639420006E7B8F /* ViewModels */ = {
			isa = PBXGroup;
			children = (
			);
			name = ViewModels;
			sourceTree = "<group>";
		};
		25BE80711E639426006E7B8F /* Models */ = {
			isa = PBXGroup;
			children = (
				25BE80731E639502006E7B8F /* Cocktail.swift */,
				25BE80751E639512006E7B8F /* Ingredient.swift */,
				25BE80791E6398EA006E7B8F /* CocktailError.swift */,
			);
			name = Models;
			sourceTree = "<group>";
		};
		25BE80721E63942F006E7B8F /* Views */ = {
			isa = PBXGroup;
			children = (
			);
			name = Views;
			sourceTree = "<group>";
		};
		4EA6857CDBCD3308772971C7 /* Frameworks */ = {
			isa = PBXGroup;
			children = (
				66EB4D86EA855B33B77A2F07 /* Pods_CocktailRxTutorial.framework */,
			);
			name = Frameworks;
			sourceTree = "<group>";
		};
		9EC3597BDB1459AC456D3503 /* Pods */ = {
			isa = PBXGroup;
			children = (
				841954B01687125F91E49640 /* Pods-CocktailRxTutorial.debug.xcconfig */,
				700314545E1EB6646A68C7FC /* Pods-CocktailRxTutorial.release.xcconfig */,
			);
			name = Pods;
			sourceTree = "<group>";
		};
/* End PBXGroup section */

/* Begin PBXNativeTarget section */
		2503F7A21E63866600473026 /* CocktailRxTutorial */ = {
			isa = PBXNativeTarget;
			buildConfigurationList = 2503F7B51E63866600473026 /* Build configuration list for PBXNativeTarget "CocktailRxTutorial" */;
			buildPhases = (
				430CF117B1CF6ABFB326BB8A /* [CP] Check Pods Manifest.lock */,
				2503F7B81E63871700473026 /* Apollo GraphQL */,
				2503F79F1E63866600473026 /* Sources */,
				2503F7A01E63866600473026 /* Frameworks */,
				2503F7A11E63866600473026 /* Resources */,
				A06F06C98A0BB11AD68ADCB7 /* [CP] Embed Pods Frameworks */,
				3AD4E2845AE1B26C1E47D145 /* [CP] Copy Pods Resources */,
			);
			buildRules = (
			);
			dependencies = (
			);
			name = CocktailRxTutorial;
			productName = CocktailRxTutorial;
			productReference = 2503F7A31E63866600473026 /* CocktailRxTutorial.app */;
			productType = "com.apple.product-type.application";
		};
/* End PBXNativeTarget section */

/* Begin PBXProject section */
		2503F79B1E63866600473026 /* Project object */ = {
			isa = PBXProject;
			attributes = {
				LastSwiftUpdateCheck = 0820;
				LastUpgradeCheck = 0820;
				ORGANIZATIONNAME = "Xavier De Koninck";
				TargetAttributes = {
					2503F7A21E63866600473026 = {
						CreatedOnToolsVersion = 8.2.1;
						DevelopmentTeam = 8XF24Z96S9;
						ProvisioningStyle = Automatic;
					};
				};
			};
			buildConfigurationList = 2503F79E1E63866600473026 /* Build configuration list for PBXProject "CocktailRxTutorial" */;
			compatibilityVersion = "Xcode 3.2";
			developmentRegion = English;
			hasScannedForEncodings = 0;
			knownRegions = (
				en,
				Base,
			);
			mainGroup = 2503F79A1E63866600473026;
			productRefGroup = 2503F7A41E63866600473026 /* Products */;
			projectDirPath = "";
			projectRoot = "";
			targets = (
				2503F7A21E63866600473026 /* CocktailRxTutorial */,
			);
		};
/* End PBXProject section */

/* Begin PBXResourcesBuildPhase section */
		2503F7A11E63866600473026 /* Resources */ = {
			isa = PBXResourcesBuildPhase;
			buildActionMask = 2147483647;
			files = (
				2503F7BB1E6387F000473026 /* schema.json in Resources */,
				2503F7B11E63866600473026 /* LaunchScreen.storyboard in Resources */,
				2503F7AE1E63866600473026 /* Assets.xcassets in Resources */,
				2503F7AC1E63866600473026 /* Main.storyboard in Resources */,
				2503F7BF1E63882100473026 /* AllCocktails.graphql in Resources */,
			);
			runOnlyForDeploymentPostprocessing = 0;
		};
/* End PBXResourcesBuildPhase section */

/* Begin PBXShellScriptBuildPhase section */
		2503F7B81E63871700473026 /* Apollo GraphQL */ = {
			isa = PBXShellScriptBuildPhase;
			buildActionMask = 2147483647;
			files = (
			);
			inputPaths = (
			);
			name = "Apollo GraphQL";
			outputPaths = (
			);
			runOnlyForDeploymentPostprocessing = 0;
			shellPath = /bin/sh;
			shellScript = "APOLLO_FRAMEWORK_PATH=\"$(eval find $FRAMEWORK_SEARCH_PATHS -name \"Apollo.framework\" -maxdepth 1)\"\n\nif [ -z \"$APOLLO_FRAMEWORK_PATH\" ]; then\necho \"error: Couldn't find Apollo.framework in FRAMEWORK_SEARCH_PATHS; make sure to add the framework to your project.\"\nexit 1\nfi\n\ncd \"${SRCROOT}/${TARGET_NAME}/GraphQL\"\n$APOLLO_FRAMEWORK_PATH/check-and-run-apollo-codegen.sh generate $(find . -name '*.graphql') --schema schema.json --output API.swift";
		};
		3AD4E2845AE1B26C1E47D145 /* [CP] Copy Pods Resources */ = {
			isa = PBXShellScriptBuildPhase;
			buildActionMask = 2147483647;
			files = (
			);
			inputPaths = (
			);
			name = "[CP] Copy Pods Resources";
			outputPaths = (
			);
			runOnlyForDeploymentPostprocessing = 0;
			shellPath = /bin/sh;
			shellScript = "\"${SRCROOT}/Pods/Target Support Files/Pods-CocktailRxTutorial/Pods-CocktailRxTutorial-resources.sh\"\n";
			showEnvVarsInLog = 0;
		};
		430CF117B1CF6ABFB326BB8A /* [CP] Check Pods Manifest.lock */ = {
			isa = PBXShellScriptBuildPhase;
			buildActionMask = 2147483647;
			files = (
			);
			inputPaths = (
			);
			name = "[CP] Check Pods Manifest.lock";
			outputPaths = (
			);
			runOnlyForDeploymentPostprocessing = 0;
			shellPath = /bin/sh;
			shellScript = "diff \"${PODS_ROOT}/../Podfile.lock\" \"${PODS_ROOT}/Manifest.lock\" > /dev/null\nif [ $? != 0 ] ; then\n    # print error to STDERR\n    echo \"error: The sandbox is not in sync with the Podfile.lock. Run 'pod install' or update your CocoaPods installation.\" >&2\n    exit 1\nfi\n";
			showEnvVarsInLog = 0;
		};
		A06F06C98A0BB11AD68ADCB7 /* [CP] Embed Pods Frameworks */ = {
			isa = PBXShellScriptBuildPhase;
			buildActionMask = 2147483647;
			files = (
			);
			inputPaths = (
			);
			name = "[CP] Embed Pods Frameworks";
			outputPaths = (
			);
			runOnlyForDeploymentPostprocessing = 0;
			shellPath = /bin/sh;
			shellScript = "\"${SRCROOT}/Pods/Target Support Files/Pods-CocktailRxTutorial/Pods-CocktailRxTutorial-frameworks.sh\"\n";
			showEnvVarsInLog = 0;
		};
/* End PBXShellScriptBuildPhase section */

/* Begin PBXSourcesBuildPhase section */
		2503F79F1E63866600473026 /* Sources */ = {
			isa = PBXSourcesBuildPhase;
			buildActionMask = 2147483647;
			files = (
				2503F7A91E63866600473026 /* ViewController.swift in Sources */,
				2503F7BD1E63880000473026 /* API.swift in Sources */,
				25BE80761E639512006E7B8F /* Ingredient.swift in Sources */,
				2503F7A71E63866600473026 /* AppDelegate.swift in Sources */,
				25BE807A1E6398EA006E7B8F /* CocktailError.swift in Sources */,
				25BE80781E6395DE006E7B8F /* APIService.swift in Sources */,
				25BE80741E639502006E7B8F /* Cocktail.swift in Sources */,
			);
			runOnlyForDeploymentPostprocessing = 0;
		};
/* End PBXSourcesBuildPhase section */

/* Begin PBXVariantGroup section */
		2503F7AA1E63866600473026 /* Main.storyboard */ = {
			isa = PBXVariantGroup;
			children = (
				2503F7AB1E63866600473026 /* Base */,
			);
			name = Main.storyboard;
			sourceTree = "<group>";
		};
		2503F7AF1E63866600473026 /* LaunchScreen.storyboard */ = {
			isa = PBXVariantGroup;
			children = (
				2503F7B01E63866600473026 /* Base */,
			);
			name = LaunchScreen.storyboard;
			sourceTree = "<group>";
		};
/* End PBXVariantGroup section */

/* Begin XCBuildConfiguration section */
		2503F7B31E63866600473026 /* Debug */ = {
			isa = XCBuildConfiguration;
			buildSettings = {
				ALWAYS_SEARCH_USER_PATHS = NO;
				CLANG_ANALYZER_NONNULL = YES;
				CLANG_CXX_LANGUAGE_STANDARD = "gnu++0x";
				CLANG_CXX_LIBRARY = "libc++";
				CLANG_ENABLE_MODULES = YES;
				CLANG_ENABLE_OBJC_ARC = YES;
				CLANG_WARN_BOOL_CONVERSION = YES;
				CLANG_WARN_CONSTANT_CONVERSION = YES;
				CLANG_WARN_DIRECT_OBJC_ISA_USAGE = YES_ERROR;
				CLANG_WARN_DOCUMENTATION_COMMENTS = YES;
				CLANG_WARN_EMPTY_BODY = YES;
				CLANG_WARN_ENUM_CONVERSION = YES;
				CLANG_WARN_INFINITE_RECURSION = YES;
				CLANG_WARN_INT_CONVERSION = YES;
				CLANG_WARN_OBJC_ROOT_CLASS = YES_ERROR;
				CLANG_WARN_SUSPICIOUS_MOVE = YES;
				CLANG_WARN_UNREACHABLE_CODE = YES;
				CLANG_WARN__DUPLICATE_METHOD_MATCH = YES;
				"CODE_SIGN_IDENTITY[sdk=iphoneos*]" = "iPhone Developer";
				COPY_PHASE_STRIP = NO;
				DEBUG_INFORMATION_FORMAT = dwarf;
				ENABLE_STRICT_OBJC_MSGSEND = YES;
				ENABLE_TESTABILITY = YES;
				GCC_C_LANGUAGE_STANDARD = gnu99;
				GCC_DYNAMIC_NO_PIC = NO;
				GCC_NO_COMMON_BLOCKS = YES;
				GCC_OPTIMIZATION_LEVEL = 0;
				GCC_PREPROCESSOR_DEFINITIONS = (
					"DEBUG=1",
					"$(inherited)",
				);
				GCC_WARN_64_TO_32_BIT_CONVERSION = YES;
				GCC_WARN_ABOUT_RETURN_TYPE = YES_ERROR;
				GCC_WARN_UNDECLARED_SELECTOR = YES;
				GCC_WARN_UNINITIALIZED_AUTOS = YES_AGGRESSIVE;
				GCC_WARN_UNUSED_FUNCTION = YES;
				GCC_WARN_UNUSED_VARIABLE = YES;
				IPHONEOS_DEPLOYMENT_TARGET = 10.2;
				MTL_ENABLE_DEBUG_INFO = YES;
				ONLY_ACTIVE_ARCH = YES;
				SDKROOT = iphoneos;
				SWIFT_ACTIVE_COMPILATION_CONDITIONS = DEBUG;
				SWIFT_OPTIMIZATION_LEVEL = "-Onone";
			};
			name = Debug;
		};
		2503F7B41E63866600473026 /* Release */ = {
			isa = XCBuildConfiguration;
			buildSettings = {
				ALWAYS_SEARCH_USER_PATHS = NO;
				CLANG_ANALYZER_NONNULL = YES;
				CLANG_CXX_LANGUAGE_STANDARD = "gnu++0x";
				CLANG_CXX_LIBRARY = "libc++";
				CLANG_ENABLE_MODULES = YES;
				CLANG_ENABLE_OBJC_ARC = YES;
				CLANG_WARN_BOOL_CONVERSION = YES;
				CLANG_WARN_CONSTANT_CONVERSION = YES;
				CLANG_WARN_DIRECT_OBJC_ISA_USAGE = YES_ERROR;
				CLANG_WARN_DOCUMENTATION_COMMENTS = YES;
				CLANG_WARN_EMPTY_BODY = YES;
				CLANG_WARN_ENUM_CONVERSION = YES;
				CLANG_WARN_INFINITE_RECURSION = YES;
				CLANG_WARN_INT_CONVERSION = YES;
				CLANG_WARN_OBJC_ROOT_CLASS = YES_ERROR;
				CLANG_WARN_SUSPICIOUS_MOVE = YES;
				CLANG_WARN_UNREACHABLE_CODE = YES;
				CLANG_WARN__DUPLICATE_METHOD_MATCH = YES;
				"CODE_SIGN_IDENTITY[sdk=iphoneos*]" = "iPhone Developer";
				COPY_PHASE_STRIP = NO;
				DEBUG_INFORMATION_FORMAT = "dwarf-with-dsym";
				ENABLE_NS_ASSERTIONS = NO;
				ENABLE_STRICT_OBJC_MSGSEND = YES;
				GCC_C_LANGUAGE_STANDARD = gnu99;
				GCC_NO_COMMON_BLOCKS = YES;
				GCC_WARN_64_TO_32_BIT_CONVERSION = YES;
				GCC_WARN_ABOUT_RETURN_TYPE = YES_ERROR;
				GCC_WARN_UNDECLARED_SELECTOR = YES;
				GCC_WARN_UNINITIALIZED_AUTOS = YES_AGGRESSIVE;
				GCC_WARN_UNUSED_FUNCTION = YES;
				GCC_WARN_UNUSED_VARIABLE = YES;
				IPHONEOS_DEPLOYMENT_TARGET = 10.2;
				MTL_ENABLE_DEBUG_INFO = NO;
				SDKROOT = iphoneos;
				SWIFT_OPTIMIZATION_LEVEL = "-Owholemodule";
				VALIDATE_PRODUCT = YES;
			};
			name = Release;
		};
		2503F7B61E63866600473026 /* Debug */ = {
			isa = XCBuildConfiguration;
			baseConfigurationReference = 841954B01687125F91E49640 /* Pods-CocktailRxTutorial.debug.xcconfig */;
			buildSettings = {
				ASSETCATALOG_COMPILER_APPICON_NAME = AppIcon;
				DEVELOPMENT_TEAM = 8XF24Z96S9;
				INFOPLIST_FILE = CocktailRxTutorial/Info.plist;
				LD_RUNPATH_SEARCH_PATHS = "$(inherited) @executable_path/Frameworks";
				PRODUCT_BUNDLE_IDENTIFIER = XavierDeKoninck.CocktailRxTutorial;
				PRODUCT_NAME = "$(TARGET_NAME)";
				SWIFT_VERSION = 3.0;
			};
			name = Debug;
		};
		2503F7B71E63866600473026 /* Release */ = {
			isa = XCBuildConfiguration;
			baseConfigurationReference = 700314545E1EB6646A68C7FC /* Pods-CocktailRxTutorial.release.xcconfig */;
			buildSettings = {
				ASSETCATALOG_COMPILER_APPICON_NAME = AppIcon;
				DEVELOPMENT_TEAM = 8XF24Z96S9;
				INFOPLIST_FILE = CocktailRxTutorial/Info.plist;
				LD_RUNPATH_SEARCH_PATHS = "$(inherited) @executable_path/Frameworks";
				PRODUCT_BUNDLE_IDENTIFIER = XavierDeKoninck.CocktailRxTutorial;
				PRODUCT_NAME = "$(TARGET_NAME)";
				SWIFT_VERSION = 3.0;
			};
			name = Release;
		};
/* End XCBuildConfiguration section */

/* Begin XCConfigurationList section */
		2503F79E1E63866600473026 /* Build configuration list for PBXProject "CocktailRxTutorial" */ = {
			isa = XCConfigurationList;
			buildConfigurations = (
				2503F7B31E63866600473026 /* Debug */,
				2503F7B41E63866600473026 /* Release */,
			);
			defaultConfigurationIsVisible = 0;
			defaultConfigurationName = Release;
		};
		2503F7B51E63866600473026 /* Build configuration list for PBXNativeTarget "CocktailRxTutorial" */ = {
			isa = XCConfigurationList;
			buildConfigurations = (
				2503F7B61E63866600473026 /* Debug */,
				2503F7B71E63866600473026 /* Release */,
			);
			defaultConfigurationIsVisible = 0;
			defaultConfigurationName = Release;
		};
/* End XCConfigurationList section */
	};
	rootObject = 2503F79B1E63866600473026 /* Project object */;
}
